
Microsoft Visual Studio Solution File, Format Version 12.00
# Visual Studio Version 17
VisualStudioVersion = 17.4.33122.133
MinimumVisualStudioVersion = 10.0.40219.1
Project("{FAE04EC0-301F-11D3-BF4B-00C04F79EFBC}") = "Read File", "Read File\Read File.csproj", "{A7248427-0B13-463D-B2DA-14587DAB394A}"
EndProject
Global
	GlobalSection(SolutionConfigurationPlatforms) = preSolution
		Debug|Any CPU = Debug|Any CPU
		Release|Any CPU = Release|Any CPU
	EndGlobalSection
	GlobalSection(ProjectConfigurationPlatforms) = postSolution
		{A7248427-0B13-463D-B2DA-14587DAB394A}.Debug|Any CPU.ActiveCfg = Debug|Any CPU
		{A7248427-0B13-463D-B2DA-14587DAB394A}.Debug|Any CPU.Build.0 = Debug|Any CPU
		{A7248427-0B13-463D-B2DA-14587DAB394A}.Release|Any CPU.ActiveCfg = Release|Any CPU
		{A7248427-0B13-463D-B2DA-14587DAB394A}.Release|Any CPU.Build.0 = Release|Any CPU
	EndGlobalSection
	GlobalSection(SolutionProperties) = preSolution
		HideSolutionNode = FALSE
	EndGlobalSection
	GlobalSection(ExtensibilityGlobals) = postSolution
		SolutionGuid = {0AEB2D60-033A-4978-B231-FEC9FB0EB57C}
	EndGlobalSection
EndGlobal
